
Microsoft Visual Studio Solution File, Format Version 12.00
# Visual Studio Version 17
VisualStudioVersion = 17.8.34330.188
MinimumVisualStudioVersion = 10.0.40219.1
Project("{FAE04EC0-301F-11D3-BF4B-00C04F79EFBC}") = "BinarySearch", "BinarySearch\BinarySearch.csproj", "{3BDC0671-4A84-43B8-8D7D-5B76EB86E1E7}"
EndProject
Global
	GlobalSection(SolutionConfigurationPlatforms) = preSolution
		Debug|Any CPU = Debug|Any CPU
		Release|Any CPU = Release|Any CPU
	EndGlobalSection
	GlobalSection(ProjectConfigurationPlatforms) = postSolution
		{3BDC0671-4A84-43B8-8D7D-5B76EB86E1E7}.Debug|Any CPU.ActiveCfg = Debug|Any CPU
		{3BDC0671-4A84-43B8-8D7D-5B76EB86E1E7}.Debug|Any CPU.Build.0 = Debug|Any CPU
		{3BDC0671-4A84-43B8-8D7D-5B76EB86E1E7}.Release|Any CPU.ActiveCfg = Release|Any CPU
		{3BDC0671-4A84-43B8-8D7D-5B76EB86E1E7}.Release|Any CPU.Build.0 = Release|Any CPU
	EndGlobalSection
	GlobalSection(SolutionProperties) = preSolution
		HideSolutionNode = FALSE
	EndGlobalSection
	GlobalSection(ExtensibilityGlobals) = postSolution
		SolutionGuid = {2970D498-2D65-4205-958E-1312C7898598}
	EndGlobalSection
EndGlobal
